// !$*UTF8*$!
{
	archiveVersion = 1;
	classes = {
	};
	objectVersion = 48;
	objects = {

/* Begin PBXBuildFile section */
		578A12C01F62259500FF816A /* AppDelegate.swift in Sources */ = {isa = PBXBuildFile; fileRef = 578A12BF1F62259500FF816A /* AppDelegate.swift */; };
		578A12C21F62259500FF816A /* ViewController.swift in Sources */ = {isa = PBXBuildFile; fileRef = 578A12C11F62259500FF816A /* ViewController.swift */; };
		578A12C51F62259500FF816A /* Main.storyboard in Resources */ = {isa = PBXBuildFile; fileRef = 578A12C31F62259500FF816A /* Main.storyboard */; };
		578A12C71F62259500FF816A /* Assets.xcassets in Resources */ = {isa = PBXBuildFile; fileRef = 578A12C61F62259500FF816A /* Assets.xcassets */; };
		578A12D81F62303D00FF816A /* pokemon.csv in Resources */ = {isa = PBXBuildFile; fileRef = 578A12D71F62303D00FF816A /* pokemon.csv */; };
		578A12DB1F62593C00FF816A /* Pokemon.swift in Sources */ = {isa = PBXBuildFile; fileRef = 578A12DA1F62593C00FF816A /* Pokemon.swift */; };
		578A12DE1F62610C00FF816A /* PokeCell.swift in Sources */ = {isa = PBXBuildFile; fileRef = 578A12DD1F62610C00FF816A /* PokeCell.swift */; };
		578A12E21F62D68300FF816A /* csv.swift in Sources */ = {isa = PBXBuildFile; fileRef = 578A12E11F62D68300FF816A /* csv.swift */; };
		578A12E41F63530600FF816A /* Pokemon.ttf in Resources */ = {isa = PBXBuildFile; fileRef = 578A12E31F63530600FF816A /* Pokemon.ttf */; };
		578A12EA1F6355CD00FF816A /* music.mp3 in Resources */ = {isa = PBXBuildFile; fileRef = 578A12E81F6355CC00FF816A /* music.mp3 */; };
		578A12EB1F6355CD00FF816A /* music.png in Resources */ = {isa = PBXBuildFile; fileRef = 578A12E91F6355CC00FF816A /* music.png */; };
		57C36C161F64E2EF0029B349 /* PokemonDetailVC.swift in Sources */ = {isa = PBXBuildFile; fileRef = 57C36C151F64E2EF0029B349 /* PokemonDetailVC.swift */; };
		57E1E9AF1F657C330096EE99 /* Constants.swift in Sources */ = {isa = PBXBuildFile; fileRef = 57E1E9AE1F657C330096EE99 /* Constants.swift */; };
		A667C4273606E63DCC3094C7 /* Pods_pokedex.framework in Frameworks */ = {isa = PBXBuildFile; fileRef = EE040EE125B78937E91177DC /* Pods_pokedex.framework */; };
/* End PBXBuildFile section */

/* Begin PBXFileReference section */
		578A12BC1F62259500FF816A /* pokedex.app */ = {isa = PBXFileReference; explicitFileType = wrapper.application; includeInIndex = 0; path = pokedex.app; sourceTree = BUILT_PRODUCTS_DIR; };
		578A12BF1F62259500FF816A /* AppDelegate.swift */ = {isa = PBXFileReference; lastKnownFileType = sourcecode.swift; path = AppDelegate.swift; sourceTree = "<group>"; };
		578A12C11F62259500FF816A /* ViewController.swift */ = {isa = PBXFileReference; lastKnownFileType = sourcecode.swift; path = ViewController.swift; sourceTree = "<group>"; };
		578A12C41F62259500FF816A /* Base */ = {isa = PBXFileReference; lastKnownFileType = file.storyboard; name = Base; path = Base.lproj/Main.storyboard; sourceTree = "<group>"; };
		578A12C61F62259500FF816A /* Assets.xcassets */ = {isa = PBXFileReference; lastKnownFileType = folder.assetcatalog; path = Assets.xcassets; sourceTree = "<group>"; };
		578A12CB1F62259500FF816A /* Info.plist */ = {isa = PBXFileReference; lastKnownFileType = text.plist.xml; path = Info.plist; sourceTree = "<group>"; };
		578A12D71F62303D00FF816A /* pokemon.csv */ = {isa = PBXFileReference; fileEncoding = 4; lastKnownFileType = text; path = pokemon.csv; sourceTree = "<group>"; };
		578A12DA1F62593C00FF816A /* Pokemon.swift */ = {isa = PBXFileReference; lastKnownFileType = sourcecode.swift; path = Pokemon.swift; sourceTree = "<group>"; };
		578A12DD1F62610C00FF816A /* PokeCell.swift */ = {isa = PBXFileReference; lastKnownFileType = sourcecode.swift; path = PokeCell.swift; sourceTree = "<group>"; };
		578A12E11F62D68300FF816A /* csv.swift */ = {isa = PBXFileReference; fileEncoding = 4; lastKnownFileType = sourcecode.swift; path = csv.swift; sourceTree = "<group>"; };
		578A12E31F63530600FF816A /* Pokemon.ttf */ = {isa = PBXFileReference; lastKnownFileType = file; path = Pokemon.ttf; sourceTree = "<group>"; };
		578A12E81F6355CC00FF816A /* music.mp3 */ = {isa = PBXFileReference; lastKnownFileType = audio.mp3; name = music.mp3; path = "../../../../IOS Dev Assests /pokedex3/pokedex3/music.mp3"; sourceTree = "<group>"; };
		578A12E91F6355CC00FF816A /* music.png */ = {isa = PBXFileReference; lastKnownFileType = image.png; name = music.png; path = "../../../../IOS Dev Assests /pokedex3/pokedex3/music.png"; sourceTree = "<group>"; };
		57C36C151F64E2EF0029B349 /* PokemonDetailVC.swift */ = {isa = PBXFileReference; lastKnownFileType = sourcecode.swift; path = PokemonDetailVC.swift; sourceTree = "<group>"; };
		57E1E9AE1F657C330096EE99 /* Constants.swift */ = {isa = PBXFileReference; lastKnownFileType = sourcecode.swift; path = Constants.swift; sourceTree = "<group>"; };
		6B3CEE8C5CA96E625E16167F /* Pods-pokedex.release.xcconfig */ = {isa = PBXFileReference; includeInIndex = 1; lastKnownFileType = text.xcconfig; name = "Pods-pokedex.release.xcconfig"; path = "Pods/Target Support Files/Pods-pokedex/Pods-pokedex.release.xcconfig"; sourceTree = "<group>"; };
		76E3F5F93C3DD66022F02B4E /* Pods-pokedex.debug.xcconfig */ = {isa = PBXFileReference; includeInIndex = 1; lastKnownFileType = text.xcconfig; name = "Pods-pokedex.debug.xcconfig"; path = "Pods/Target Support Files/Pods-pokedex/Pods-pokedex.debug.xcconfig"; sourceTree = "<group>"; };
		EE040EE125B78937E91177DC /* Pods_pokedex.framework */ = {isa = PBXFileReference; explicitFileType = wrapper.framework; includeInIndex = 0; path = Pods_pokedex.framework; sourceTree = BUILT_PRODUCTS_DIR; };
/* End PBXFileReference section */

/* Begin PBXFrameworksBuildPhase section */
		578A12B91F62259500FF816A /* Frameworks */ = {
			isa = PBXFrameworksBuildPhase;
			buildActionMask = 2147483647;
			files = (
				A667C4273606E63DCC3094C7 /* Pods_pokedex.framework in Frameworks */,
			);
			runOnlyForDeploymentPostprocessing = 0;
		};
/* End PBXFrameworksBuildPhase section */

/* Begin PBXGroup section */
		0B3D5866AEB694EBD5AAF26F /* Frameworks */ = {
			isa = PBXGroup;
			children = (
				EE040EE125B78937E91177DC /* Pods_pokedex.framework */,
			);
			name = Frameworks;
			sourceTree = "<group>";
		};
		578A12B31F62259500FF816A = {
			isa = PBXGroup;
			children = (
				578A12BE1F62259500FF816A /* pokedex */,
				578A12BD1F62259500FF816A /* Products */,
				80BB085B79211C01F04C86FC /* Pods */,
				0B3D5866AEB694EBD5AAF26F /* Frameworks */,
			);
			sourceTree = "<group>";
		};
		578A12BD1F62259500FF816A /* Products */ = {
			isa = PBXGroup;
			children = (
				578A12BC1F62259500FF816A /* pokedex.app */,
			);
			name = Products;
			sourceTree = "<group>";
		};
		578A12BE1F62259500FF816A /* pokedex */ = {
			isa = PBXGroup;
			children = (
				578A12D91F62590800FF816A /* Model */,
				578A12DC1F6260EE00FF816A /* View */,
				578A12E51F63532400FF816A /* Controller */,
				578A12E61F63532C00FF816A /* Resources */,
				578A12E71F63535000FF816A /* Util */,
				578A12BF1F62259500FF816A /* AppDelegate.swift */,
				578A12C31F62259500FF816A /* Main.storyboard */,
				578A12C61F62259500FF816A /* Assets.xcassets */,
				578A12CB1F62259500FF816A /* Info.plist */,
			);
			path = pokedex;
			sourceTree = "<group>";
		};
		578A12D91F62590800FF816A /* Model */ = {
			isa = PBXGroup;
			children = (
				578A12DA1F62593C00FF816A /* Pokemon.swift */,
			);
			path = Model;
			sourceTree = "<group>";
		};
		578A12DC1F6260EE00FF816A /* View */ = {
			isa = PBXGroup;
			children = (
				578A12DD1F62610C00FF816A /* PokeCell.swift */,
			);
			path = View;
			sourceTree = "<group>";
		};
		578A12E51F63532400FF816A /* Controller */ = {
			isa = PBXGroup;
			children = (
				578A12C11F62259500FF816A /* ViewController.swift */,
				57C36C151F64E2EF0029B349 /* PokemonDetailVC.swift */,
			);
			path = Controller;
			sourceTree = "<group>";
		};
		578A12E61F63532C00FF816A /* Resources */ = {
			isa = PBXGroup;
			children = (
				578A12E31F63530600FF816A /* Pokemon.ttf */,
				578A12E81F6355CC00FF816A /* music.mp3 */,
				578A12E91F6355CC00FF816A /* music.png */,
				578A12D71F62303D00FF816A /* pokemon.csv */,
			);
			path = Resources;
			sourceTree = "<group>";
		};
		578A12E71F63535000FF816A /* Util */ = {
			isa = PBXGroup;
			children = (
				578A12E11F62D68300FF816A /* csv.swift */,
				57E1E9AE1F657C330096EE99 /* Constants.swift */,
			);
			path = Util;
			sourceTree = "<group>";
		};
		80BB085B79211C01F04C86FC /* Pods */ = {
			isa = PBXGroup;
			children = (
				76E3F5F93C3DD66022F02B4E /* Pods-pokedex.debug.xcconfig */,
				6B3CEE8C5CA96E625E16167F /* Pods-pokedex.release.xcconfig */,
			);
			name = Pods;
			sourceTree = "<group>";
		};
/* End PBXGroup section */

/* Begin PBXNativeTarget section */
		578A12BB1F62259500FF816A /* pokedex */ = {
			isa = PBXNativeTarget;
			buildConfigurationList = 578A12CE1F62259500FF816A /* Build configuration list for PBXNativeTarget "pokedex" */;
			buildPhases = (
				8F435EE042D452FF9E4AD1CC /* [CP] Check Pods Manifest.lock */,
				578A12B81F62259500FF816A /* Sources */,
				578A12B91F62259500FF816A /* Frameworks */,
				578A12BA1F62259500FF816A /* Resources */,
				1FB705D35225F177CEEDA725 /* [CP] Embed Pods Frameworks */,
				A676F42BB7A0BDA5A7A09EDE /* [CP] Copy Pods Resources */,
			);
			buildRules = (
			);
			dependencies = (
			);
			name = pokedex;
			productName = pokedex;
			productReference = 578A12BC1F62259500FF816A /* pokedex.app */;
			productType = "com.apple.product-type.application";
		};
/* End PBXNativeTarget section */

/* Begin PBXProject section */
		578A12B41F62259500FF816A /* Project object */ = {
			isa = PBXProject;
			attributes = {
				LastSwiftUpdateCheck = 0900;
				LastUpgradeCheck = 0900;
				ORGANIZATIONNAME = "BhupinderJit Bais";
				TargetAttributes = {
					578A12BB1F62259500FF816A = {
						CreatedOnToolsVersion = 9.0;
						LastSwiftMigration = 0900;
					};
				};
			};
			buildConfigurationList = 578A12B71F62259500FF816A /* Build configuration list for PBXProject "pokedex" */;
			compatibilityVersion = "Xcode 8.0";
			developmentRegion = en;
			hasScannedForEncodings = 0;
			knownRegions = (
				en,
				Base,
			);
			mainGroup = 578A12B31F62259500FF816A;
			productRefGroup = 578A12BD1F62259500FF816A /* Products */;
			projectDirPath = "";
			projectRoot = "";
			targets = (
				578A12BB1F62259500FF816A /* pokedex */,
			);
		};
/* End PBXProject section */

/* Begin PBXResourcesBuildPhase section */
		578A12BA1F62259500FF816A /* Resources */ = {
			isa = PBXResourcesBuildPhase;
			buildActionMask = 2147483647;
			files = (
				578A12EA1F6355CD00FF816A /* music.mp3 in Resources */,
				578A12E41F63530600FF816A /* Pokemon.ttf in Resources */,
				578A12C71F62259500FF816A /* Assets.xcassets in Resources */,
				578A12D81F62303D00FF816A /* pokemon.csv in Resources */,
				578A12C51F62259500FF816A /* Main.storyboard in Resources */,
				578A12EB1F6355CD00FF816A /* music.png in Resources */,
			);
			runOnlyForDeploymentPostprocessing = 0;
		};
/* End PBXResourcesBuildPhase section */

/* Begin PBXShellScriptBuildPhase section */
		1FB705D35225F177CEEDA725 /* [CP] Embed Pods Frameworks */ = {
			isa = PBXShellScriptBuildPhase;
			buildActionMask = 2147483647;
			files = (
			);
			inputPaths = (
				"${SRCROOT}/Pods/Target Support Files/Pods-pokedex/Pods-pokedex-frameworks.sh",
				"${BUILT_PRODUCTS_DIR}/Alamofire/Alamofire.framework",
			);
			name = "[CP] Embed Pods Frameworks";
			outputPaths = (
				"${TARGET_BUILD_DIR}/${FRAMEWORKS_FOLDER_PATH}/Alamofire.framework",
			);
			runOnlyForDeploymentPostprocessing = 0;
			shellPath = /bin/sh;
			shellScript = "\"${SRCROOT}/Pods/Target Support Files/Pods-pokedex/Pods-pokedex-frameworks.sh\"\n";
			showEnvVarsInLog = 0;
		};
		8F435EE042D452FF9E4AD1CC /* [CP] Check Pods Manifest.lock */ = {
			isa = PBXShellScriptBuildPhase;
			buildActionMask = 2147483647;
			files = (
			);
			inputPaths = (
				"${PODS_PODFILE_DIR_PATH}/Podfile.lock",
				"${PODS_ROOT}/Manifest.lock",
			);
			name = "[CP] Check Pods Manifest.lock";
			outputPaths = (
				"$(DERIVED_FILE_DIR)/Pods-pokedex-checkManifestLockResult.txt",
			);
			runOnlyForDeploymentPostprocessing = 0;
			shellPath = /bin/sh;
			shellScript = "diff \"${PODS_PODFILE_DIR_PATH}/Podfile.lock\" \"${PODS_ROOT}/Manifest.lock\" > /dev/null\nif [ $? != 0 ] ; then\n    # print error to STDERR\n    echo \"error: The sandbox is not in sync with the Podfile.lock. Run 'pod install' or update your CocoaPods installation.\" >&2\n    exit 1\nfi\n# This output is used by Xcode 'outputs' to avoid re-running this script phase.\necho \"SUCCESS\" > \"${SCRIPT_OUTPUT_FILE_0}\"\n";
			showEnvVarsInLog = 0;
		};
		A676F42BB7A0BDA5A7A09EDE /* [CP] Copy Pods Resources */ = {
			isa = PBXShellScriptBuildPhase;
			buildActionMask = 2147483647;
			files = (
			);
			inputPaths = (
			);
			name = "[CP] Copy Pods Resources";
			outputPaths = (
			);
			runOnlyForDeploymentPostprocessing = 0;
			shellPath = /bin/sh;
			shellScript = "\"${SRCROOT}/Pods/Target Support Files/Pods-pokedex/Pods-pokedex-resources.sh\"\n";
			showEnvVarsInLog = 0;
		};
/* End PBXShellScriptBuildPhase section */

/* Begin PBXSourcesBuildPhase section */
		578A12B81F62259500FF816A /* Sources */ = {
			isa = PBXSourcesBuildPhase;
			buildActionMask = 2147483647;
			files = (
				578A12DE1F62610C00FF816A /* PokeCell.swift in Sources */,
				578A12C21F62259500FF816A /* ViewController.swift in Sources */,
				57C36C161F64E2EF0029B349 /* PokemonDetailVC.swift in Sources */,
				578A12C01F62259500FF816A /* AppDelegate.swift in Sources */,
				57E1E9AF1F657C330096EE99 /* Constants.swift in Sources */,
				578A12DB1F62593C00FF816A /* Pokemon.swift in Sources */,
				578A12E21F62D68300FF816A /* csv.swift in Sources */,
			);
			runOnlyForDeploymentPostprocessing = 0;
		};
/* End PBXSourcesBuildPhase section */

/* Begin PBXVariantGroup section */
		578A12C31F62259500FF816A /* Main.storyboard */ = {
			isa = PBXVariantGroup;
			children = (
				578A12C41F62259500FF816A /* Base */,
			);
			name = Main.storyboard;
			sourceTree = "<group>";
		};
/* End PBXVariantGroup section */

/* Begin XCBuildConfiguration section */
		578A12CC1F62259500FF816A /* Debug */ = {
			isa = XCBuildConfiguration;
			buildSettings = {
				ALWAYS_SEARCH_USER_PATHS = NO;
				CLANG_ANALYZER_NONNULL = YES;
				CLANG_ANALYZER_NUMBER_OBJECT_CONVERSION = YES_AGGRESSIVE;
				CLANG_CXX_LANGUAGE_STANDARD = "gnu++14";
				CLANG_CXX_LIBRARY = "libc++";
				CLANG_ENABLE_MODULES = YES;
				CLANG_ENABLE_OBJC_ARC = YES;
				CLANG_WARN_BLOCK_CAPTURE_AUTORELEASING = YES;
				CLANG_WARN_BOOL_CONVERSION = YES;
				CLANG_WARN_COMMA = YES;
				CLANG_WARN_CONSTANT_CONVERSION = YES;
				CLANG_WARN_DIRECT_OBJC_ISA_USAGE = YES_ERROR;
				CLANG_WARN_DOCUMENTATION_COMMENTS = YES;
				CLANG_WARN_EMPTY_BODY = YES;
				CLANG_WARN_ENUM_CONVERSION = YES;
				CLANG_WARN_INFINITE_RECURSION = YES;
				CLANG_WARN_INT_CONVERSION = YES;
				CLANG_WARN_OBJC_ROOT_CLASS = YES_ERROR;
				CLANG_WARN_RANGE_LOOP_ANALYSIS = YES;
				CLANG_WARN_STRICT_PROTOTYPES = YES;
				CLANG_WARN_SUSPICIOUS_MOVE = YES;
				CLANG_WARN_UNGUARDED_AVAILABILITY = YES_AGGRESSIVE;
				CLANG_WARN_UNREACHABLE_CODE = YES;
				CLANG_WARN__DUPLICATE_METHOD_MATCH = YES;
				CODE_SIGN_IDENTITY = "iPhone Developer";
				COPY_PHASE_STRIP = NO;
				DEBUG_INFORMATION_FORMAT = dwarf;
				ENABLE_STRICT_OBJC_MSGSEND = YES;
				ENABLE_TESTABILITY = YES;
				GCC_C_LANGUAGE_STANDARD = gnu11;
				GCC_DYNAMIC_NO_PIC = NO;
				GCC_NO_COMMON_BLOCKS = YES;
				GCC_OPTIMIZATION_LEVEL = 0;
				GCC_PREPROCESSOR_DEFINITIONS = (
					"DEBUG=1",
					"$(inherited)",
				);
				GCC_WARN_64_TO_32_BIT_CONVERSION = YES;
				GCC_WARN_ABOUT_RETURN_TYPE = YES_ERROR;
				GCC_WARN_UNDECLARED_SELECTOR = YES;
				GCC_WARN_UNINITIALIZED_AUTOS = YES_AGGRESSIVE;
				GCC_WARN_UNUSED_FUNCTION = YES;
				GCC_WARN_UNUSED_VARIABLE = YES;
				IPHONEOS_DEPLOYMENT_TARGET = 11.0;
				MTL_ENABLE_DEBUG_INFO = YES;
				ONLY_ACTIVE_ARCH = YES;
				SDKROOT = iphoneos;
				SWIFT_ACTIVE_COMPILATION_CONDITIONS = DEBUG;
				SWIFT_OPTIMIZATION_LEVEL = "-Onone";
			};
			name = Debug;
		};
		578A12CD1F62259500FF816A /* Release */ = {
			isa = XCBuildConfiguration;
			buildSettings = {
				ALWAYS_SEARCH_USER_PATHS = NO;
				CLANG_ANALYZER_NONNULL = YES;
				CLANG_ANALYZER_NUMBER_OBJECT_CONVERSION = YES_AGGRESSIVE;
				CLANG_CXX_LANGUAGE_STANDARD = "gnu++14";
				CLANG_CXX_LIBRARY = "libc++";
				CLANG_ENABLE_MODULES = YES;
				CLANG_ENABLE_OBJC_ARC = YES;
				CLANG_WARN_BLOCK_CAPTURE_AUTORELEASING = YES;
				CLANG_WARN_BOOL_CONVERSION = YES;
				CLANG_WARN_COMMA = YES;
				CLANG_WARN_CONSTANT_CONVERSION = YES;
				CLANG_WARN_DIRECT_OBJC_ISA_USAGE = YES_ERROR;
				CLANG_WARN_DOCUMENTATION_COMMENTS = YES;
				CLANG_WARN_EMPTY_BODY = YES;
				CLANG_WARN_ENUM_CONVERSION = YES;
				CLANG_WARN_INFINITE_RECURSION = YES;
				CLANG_WARN_INT_CONVERSION = YES;
				CLANG_WARN_OBJC_ROOT_CLASS = YES_ERROR;
				CLANG_WARN_RANGE_LOOP_ANALYSIS = YES;
				CLANG_WARN_STRICT_PROTOTYPES = YES;
				CLANG_WARN_SUSPICIOUS_MOVE = YES;
				CLANG_WARN_UNGUARDED_AVAILABILITY = YES_AGGRESSIVE;
				CLANG_WARN_UNREACHABLE_CODE = YES;
				CLANG_WARN__DUPLICATE_METHOD_MATCH = YES;
				CODE_SIGN_IDENTITY = "iPhone Developer";
				COPY_PHASE_STRIP = NO;
				DEBUG_INFORMATION_FORMAT = "dwarf-with-dsym";
				ENABLE_NS_ASSERTIONS = NO;
				ENABLE_STRICT_OBJC_MSGSEND = YES;
				GCC_C_LANGUAGE_STANDARD = gnu11;
				GCC_NO_COMMON_BLOCKS = YES;
				GCC_WARN_64_TO_32_BIT_CONVERSION = YES;
				GCC_WARN_ABOUT_RETURN_TYPE = YES_ERROR;
				GCC_WARN_UNDECLARED_SELECTOR = YES;
				GCC_WARN_UNINITIALIZED_AUTOS = YES_AGGRESSIVE;
				GCC_WARN_UNUSED_FUNCTION = YES;
				GCC_WARN_UNUSED_VARIABLE = YES;
				IPHONEOS_DEPLOYMENT_TARGET = 11.0;
				MTL_ENABLE_DEBUG_INFO = NO;
				SDKROOT = iphoneos;
				SWIFT_OPTIMIZATION_LEVEL = "-Owholemodule";
				VALIDATE_PRODUCT = YES;
			};
			name = Release;
		};
		578A12CF1F62259500FF816A /* Debug */ = {
			isa = XCBuildConfiguration;
			baseConfigurationReference = 76E3F5F93C3DD66022F02B4E /* Pods-pokedex.debug.xcconfig */;
			buildSettings = {
				ASSETCATALOG_COMPILER_APPICON_NAME = AppIcon;
				DEVELOPMENT_TEAM = 3S257FWWTX;
				INFOPLIST_FILE = pokedex/Info.plist;
				LD_RUNPATH_SEARCH_PATHS = "$(inherited) @executable_path/Frameworks";
				PRODUCT_BUNDLE_IDENTIFIER = com.baisapps.pokedex;
				PRODUCT_NAME = "$(TARGET_NAME)";
				SWIFT_VERSION = 4.0;
				TARGETED_DEVICE_FAMILY = "1,2";
			};
			name = Debug;
		};
		578A12D01F62259500FF816A /* Release */ = {
			isa = XCBuildConfiguration;
			baseConfigurationReference = 6B3CEE8C5CA96E625E16167F /* Pods-pokedex.release.xcconfig */;
			buildSettings = {
				ASSETCATALOG_COMPILER_APPICON_NAME = AppIcon;
				DEVELOPMENT_TEAM = 3S257FWWTX;
				INFOPLIST_FILE = pokedex/Info.plist;
				LD_RUNPATH_SEARCH_PATHS = "$(inherited) @executable_path/Frameworks";
				PRODUCT_BUNDLE_IDENTIFIER = com.baisapps.pokedex;
				PRODUCT_NAME = "$(TARGET_NAME)";
				SWIFT_VERSION = 4.0;
				TARGETED_DEVICE_FAMILY = "1,2";
			};
			name = Release;
		};
/* End XCBuildConfiguration section */

/* Begin XCConfigurationList section */
		578A12B71F62259500FF816A /* Build configuration list for PBXProject "pokedex" */ = {
			isa = XCConfigurationList;
			buildConfigurations = (
				578A12CC1F62259500FF816A /* Debug */,
				578A12CD1F62259500FF816A /* Release */,
			);
			defaultConfigurationIsVisible = 0;
			defaultConfigurationName = Release;
		};
		578A12CE1F62259500FF816A /* Build configuration list for PBXNativeTarget "pokedex" */ = {
			isa = XCConfigurationList;
			buildConfigurations = (
				578A12CF1F62259500FF816A /* Debug */,
				578A12D01F62259500FF816A /* Release */,
			);
			defaultConfigurationIsVisible = 0;
			defaultConfigurationName = Release;
		};
/* End XCConfigurationList section */
	};
	rootObject = 578A12B41F62259500FF816A /* Project object */;
}
